
Microsoft Visual Studio Solution File, Format Version 12.00
# Visual Studio Version 17
VisualStudioVersion = 17.7.34202.233
MinimumVisualStudioVersion = 10.0.40219.1
Project("{FAE04EC0-301F-11D3-BF4B-00C04F79EFBC}") = "Golf_Capper", "Golf_Capper\Golf_Capper.csproj", "{BFC0C62E-AD2C-40AD-BED0-A8D5EF80F4C3}"
EndProject
Global
	GlobalSection(SolutionConfigurationPlatforms) = preSolution
		Debug|Any CPU = Debug|Any CPU
		Release|Any CPU = Release|Any CPU
	EndGlobalSection
	GlobalSection(ProjectConfigurationPlatforms) = postSolution
		{BFC0C62E-AD2C-40AD-BED0-A8D5EF80F4C3}.Debug|Any CPU.ActiveCfg = Debug|Any CPU
		{BFC0C62E-AD2C-40AD-BED0-A8D5EF80F4C3}.Debug|Any CPU.Build.0 = Debug|Any CPU
		{BFC0C62E-AD2C-40AD-BED0-A8D5EF80F4C3}.Release|Any CPU.ActiveCfg = Release|Any CPU
		{BFC0C62E-AD2C-40AD-BED0-A8D5EF80F4C3}.Release|Any CPU.Build.0 = Release|Any CPU
	EndGlobalSection
	GlobalSection(SolutionProperties) = preSolution
		HideSolutionNode = FALSE
	EndGlobalSection
	GlobalSection(ExtensibilityGlobals) = postSolution
		SolutionGuid = {EABE3CF8-BA61-4DD6-8977-180013EA4CBB}
	EndGlobalSection
EndGlobal
